
Microsoft Visual Studio Solution File, Format Version 12.00
# Visual Studio Version 17
VisualStudioVersion = 17.7.34031.279
MinimumVisualStudioVersion = 10.0.40219.1
Project("{9A19103F-16F7-4668-BE54-9A1E7A4F7556}") = "DivinityModManagerCore", "src\Core\DivinityModManagerCore.csproj", "{E24CFB13-F468-4B1D-BC4D-245CD4BD1A23}"
EndProject
Project("{9A19103F-16F7-4668-BE54-9A1E7A4F7556}") = "GUI", "src\GUI\GUI.csproj", "{14BD698D-2A4F-44BB-A41E-6E36D80A8459}"
EndProject
Project("{9A19103F-16F7-4668-BE54-9A1E7A4F7556}") = "GUI.Avalonia", "src\GUI.Avalonia\GUI.Avalonia.csproj", "{5F4E2D7A-8C9B-4F3E-9D5E-1C2A3B4E5F6A}"
EndProject
Project("{2150E333-8FDC-42A3-9474-1A3956D46DE8}") = "Config", "Config", "{943120CC-2315-475E-9597-7136811228E6}"
	ProjectSection(SolutionItems) = preProject
		.editorconfig = .editorconfig
		Update.xml = Update.xml
	EndProjectSection
EndProject
Project("{9A19103F-16F7-4668-BE54-9A1E7A4F7556}") = "Toolbox", "src\Toolbox\Toolbox.csproj", "{2F2EF4FE-7254-425A-8DE9-47457CC057C6}"
EndProject
Project("{2150E333-8FDC-42A3-9474-1A3956D46DE8}") = "LSLib", "LSLib", "{AA9149DA-050D-4969-8CBD-BFD87C98C7C7}"
EndProject
Project("{9A19103F-16F7-4668-BE54-9A1E7A4F7556}") = "LSLib", "External\lslib\LSLib\LSLib.csproj", "{DFE44295-9EC0-46B8-A859-5A2FA3742331}"
EndProject
Project("{8BC9CEB8-8B4A-11D0-8D11-00A0C91BC942}") = "LSLibNative", "External\lslib\LSLibNative\LSLibNative.vcxproj", "{D8B26B12-E45C-47EA-88F7-56628EB2CCD1}"
EndProject
Project("{FAE04EC0-301F-11D3-BF4B-00C04F79EFBC}") = "LSLibStats", "External\lslib\LSLibStats\LSLibStats.csproj", "{611A3231-810A-4703-8F24-A01664E6FC27}"
EndProject
Project("{2150E333-8FDC-42A3-9474-1A3956D46DE8}") = "External", "External", "{5DEEE98E-0347-4919-9211-2FE861BF2793}"
EndProject
Project("{2150E333-8FDC-42A3-9474-1A3956D46DE8}") = "Project", "Project", "{9BB6E50E-1B23-42D8-8ACC-08379BB3E2A0}"
EndProject
Project("{FAE04EC0-301F-11D3-BF4B-00C04F79EFBC}") = "CrossSpeak", "External\CrossSpeak\CrossSpeak\CrossSpeak.csproj", "{D037EFFC-DC1B-DE2F-BF32-7409AE4E9545}"
EndProject
Global
	GlobalSection(SolutionConfigurationPlatforms) = preSolution
		Debug|Any CPU = Debug|Any CPU
		Debug|x64 = Debug|x64
		Editor Debug|Any CPU = Editor Debug|Any CPU
		Editor Debug|x64 = Editor Debug|x64
		Publish|Any CPU = Publish|Any CPU
		Publish|x64 = Publish|x64
		PublishTest|Any CPU = PublishTest|Any CPU
		PublishTest|x64 = PublishTest|x64
		Release|Any CPU = Release|Any CPU
		Release|x64 = Release|x64
	EndGlobalSection
	GlobalSection(ProjectConfigurationPlatforms) = postSolution
		{E24CFB13-F468-4B1D-BC4D-245CD4BD1A23}.Debug|Any CPU.ActiveCfg = Debug|x64
		{E24CFB13-F468-4B1D-BC4D-245CD4BD1A23}.Debug|Any CPU.Build.0 = Debug|x64
		{E24CFB13-F468-4B1D-BC4D-245CD4BD1A23}.Debug|x64.ActiveCfg = Debug|x64
		{E24CFB13-F468-4B1D-BC4D-245CD4BD1A23}.Debug|x64.Build.0 = Debug|x64
		{E24CFB13-F468-4B1D-BC4D-245CD4BD1A23}.Editor Debug|Any CPU.ActiveCfg = Debug|x64
		{E24CFB13-F468-4B1D-BC4D-245CD4BD1A23}.Editor Debug|Any CPU.Build.0 = Debug|x64
		{E24CFB13-F468-4B1D-BC4D-245CD4BD1A23}.Editor Debug|x64.ActiveCfg = Debug|x64
		{E24CFB13-F468-4B1D-BC4D-245CD4BD1A23}.Editor Debug|x64.Build.0 = Debug|x64
		{E24CFB13-F468-4B1D-BC4D-245CD4BD1A23}.Publish|Any CPU.ActiveCfg = Publish|x64
		{E24CFB13-F468-4B1D-BC4D-245CD4BD1A23}.Publish|Any CPU.Build.0 = Publish|x64
		{E24CFB13-F468-4B1D-BC4D-245CD4BD1A23}.Publish|x64.ActiveCfg = Publish|x64
		{E24CFB13-F468-4B1D-BC4D-245CD4BD1A23}.Publish|x64.Build.0 = Publish|x64
		{E24CFB13-F468-4B1D-BC4D-245CD4BD1A23}.PublishTest|Any CPU.ActiveCfg = PublishTest|x64
		{E24CFB13-F468-4B1D-BC4D-245CD4BD1A23}.PublishTest|Any CPU.Build.0 = PublishTest|x64
		{E24CFB13-F468-4B1D-BC4D-245CD4BD1A23}.PublishTest|x64.ActiveCfg = PublishTest|x64
		{E24CFB13-F468-4B1D-BC4D-245CD4BD1A23}.PublishTest|x64.Build.0 = PublishTest|x64
		{E24CFB13-F468-4B1D-BC4D-245CD4BD1A23}.Release|Any CPU.ActiveCfg = Release|x64
		{E24CFB13-F468-4B1D-BC4D-245CD4BD1A23}.Release|Any CPU.Build.0 = Release|x64
		{E24CFB13-F468-4B1D-BC4D-245CD4BD1A23}.Release|x64.ActiveCfg = Release|x64
		{E24CFB13-F468-4B1D-BC4D-245CD4BD1A23}.Release|x64.Build.0 = Release|x64
		{14BD698D-2A4F-44BB-A41E-6E36D80A8459}.Debug|Any CPU.ActiveCfg = Debug|x64
		{14BD698D-2A4F-44BB-A41E-6E36D80A8459}.Debug|Any CPU.Build.0 = Debug|x64
		{14BD698D-2A4F-44BB-A41E-6E36D80A8459}.Debug|x64.ActiveCfg = Debug|x64
		{14BD698D-2A4F-44BB-A41E-6E36D80A8459}.Debug|x64.Build.0 = Debug|x64
		{14BD698D-2A4F-44BB-A41E-6E36D80A8459}.Editor Debug|Any CPU.ActiveCfg = Debug|x64
		{14BD698D-2A4F-44BB-A41E-6E36D80A8459}.Editor Debug|Any CPU.Build.0 = Debug|x64
		{14BD698D-2A4F-44BB-A41E-6E36D80A8459}.Editor Debug|x64.ActiveCfg = Debug|x64
		{14BD698D-2A4F-44BB-A41E-6E36D80A8459}.Editor Debug|x64.Build.0 = Debug|x64
		{14BD698D-2A4F-44BB-A41E-6E36D80A8459}.Publish|Any CPU.ActiveCfg = Publish|x64
		{14BD698D-2A4F-44BB-A41E-6E36D80A8459}.Publish|Any CPU.Build.0 = Publish|x64
		{14BD698D-2A4F-44BB-A41E-6E36D80A8459}.Publish|x64.ActiveCfg = Publish|x64
		{14BD698D-2A4F-44BB-A41E-6E36D80A8459}.Publish|x64.Build.0 = Publish|x64
		{14BD698D-2A4F-44BB-A41E-6E36D80A8459}.PublishTest|Any CPU.ActiveCfg = PublishTest|x64
		{14BD698D-2A4F-44BB-A41E-6E36D80A8459}.PublishTest|Any CPU.Build.0 = PublishTest|x64
		{14BD698D-2A4F-44BB-A41E-6E36D80A8459}.PublishTest|x64.ActiveCfg = PublishTest|x64
		{14BD698D-2A4F-44BB-A41E-6E36D80A8459}.PublishTest|x64.Build.0 = PublishTest|x64
		{14BD698D-2A4F-44BB-A41E-6E36D80A8459}.Release|Any CPU.ActiveCfg = Release|x64
		{14BD698D-2A4F-44BB-A41E-6E36D80A8459}.Release|Any CPU.Build.0 = Release|x64
		{14BD698D-2A4F-44BB-A41E-6E36D80A8459}.Release|x64.ActiveCfg = Release|x64
		{14BD698D-2A4F-44BB-A41E-6E36D80A8459}.Release|x64.Build.0 = Release|x64
		{5F4E2D7A-8C9B-4F3E-9D5E-1C2A3B4E5F6A}.Debug|Any CPU.ActiveCfg = Debug|x64
		{5F4E2D7A-8C9B-4F3E-9D5E-1C2A3B4E5F6A}.Debug|Any CPU.Build.0 = Debug|x64
		{5F4E2D7A-8C9B-4F3E-9D5E-1C2A3B4E5F6A}.Debug|x64.ActiveCfg = Debug|x64
		{5F4E2D7A-8C9B-4F3E-9D5E-1C2A3B4E5F6A}.Debug|x64.Build.0 = Debug|x64
		{5F4E2D7A-8C9B-4F3E-9D5E-1C2A3B4E5F6A}.Editor Debug|Any CPU.ActiveCfg = Debug|x64
		{5F4E2D7A-8C9B-4F3E-9D5E-1C2A3B4E5F6A}.Editor Debug|Any CPU.Build.0 = Debug|x64
		{5F4E2D7A-8C9B-4F3E-9D5E-1C2A3B4E5F6A}.Editor Debug|x64.ActiveCfg = Debug|x64
		{5F4E2D7A-8C9B-4F3E-9D5E-1C2A3B4E5F6A}.Editor Debug|x64.Build.0 = Debug|x64
		{5F4E2D7A-8C9B-4F3E-9D5E-1C2A3B4E5F6A}.Publish|Any CPU.ActiveCfg = Publish|x64
		{5F4E2D7A-8C9B-4F3E-9D5E-1C2A3B4E5F6A}.Publish|Any CPU.Build.0 = Publish|x64
		{5F4E2D7A-8C9B-4F3E-9D5E-1C2A3B4E5F6A}.Publish|x64.ActiveCfg = Publish|x64
		{5F4E2D7A-8C9B-4F3E-9D5E-1C2A3B4E5F6A}.Publish|x64.Build.0 = Publish|x64
		{5F4E2D7A-8C9B-4F3E-9D5E-1C2A3B4E5F6A}.PublishTest|Any CPU.ActiveCfg = PublishTest|x64
		{5F4E2D7A-8C9B-4F3E-9D5E-1C2A3B4E5F6A}.PublishTest|Any CPU.Build.0 = PublishTest|x64
		{5F4E2D7A-8C9B-4F3E-9D5E-1C2A3B4E5F6A}.PublishTest|x64.ActiveCfg = PublishTest|x64
		{5F4E2D7A-8C9B-4F3E-9D5E-1C2A3B4E5F6A}.PublishTest|x64.Build.0 = PublishTest|x64
		{5F4E2D7A-8C9B-4F3E-9D5E-1C2A3B4E5F6A}.Release|Any CPU.ActiveCfg = Release|x64
		{5F4E2D7A-8C9B-4F3E-9D5E-1C2A3B4E5F6A}.Release|Any CPU.Build.0 = Release|x64
		{5F4E2D7A-8C9B-4F3E-9D5E-1C2A3B4E5F6A}.Release|x64.ActiveCfg = Release|x64
		{5F4E2D7A-8C9B-4F3E-9D5E-1C2A3B4E5F6A}.Release|x64.Build.0 = Release|x64
		{2F2EF4FE-7254-425A-8DE9-47457CC057C6}.Debug|Any CPU.ActiveCfg = Debug|x64
		{2F2EF4FE-7254-425A-8DE9-47457CC057C6}.Debug|Any CPU.Build.0 = Debug|x64
		{2F2EF4FE-7254-425A-8DE9-47457CC057C6}.Debug|x64.ActiveCfg = Debug|x64
		{2F2EF4FE-7254-425A-8DE9-47457CC057C6}.Debug|x64.Build.0 = Debug|x64
		{2F2EF4FE-7254-425A-8DE9-47457CC057C6}.Editor Debug|Any CPU.ActiveCfg = Debug|x64
		{2F2EF4FE-7254-425A-8DE9-47457CC057C6}.Editor Debug|Any CPU.Build.0 = Debug|x64
		{2F2EF4FE-7254-425A-8DE9-47457CC057C6}.Editor Debug|x64.ActiveCfg = Debug|x64
		{2F2EF4FE-7254-425A-8DE9-47457CC057C6}.Editor Debug|x64.Build.0 = Debug|x64
		{2F2EF4FE-7254-425A-8DE9-47457CC057C6}.Publish|Any CPU.ActiveCfg = Publish|x64
		{2F2EF4FE-7254-425A-8DE9-47457CC057C6}.Publish|Any CPU.Build.0 = Publish|x64
		{2F2EF4FE-7254-425A-8DE9-47457CC057C6}.Publish|x64.ActiveCfg = Publish|x64
		{2F2EF4FE-7254-425A-8DE9-47457CC057C6}.Publish|x64.Build.0 = Publish|x64
		{2F2EF4FE-7254-425A-8DE9-47457CC057C6}.PublishTest|Any CPU.ActiveCfg = PublishTest|x64
		{2F2EF4FE-7254-425A-8DE9-47457CC057C6}.PublishTest|Any CPU.Build.0 = PublishTest|x64
		{2F2EF4FE-7254-425A-8DE9-47457CC057C6}.PublishTest|x64.ActiveCfg = PublishTest|x64
		{2F2EF4FE-7254-425A-8DE9-47457CC057C6}.PublishTest|x64.Build.0 = PublishTest|x64
		{2F2EF4FE-7254-425A-8DE9-47457CC057C6}.Release|Any CPU.ActiveCfg = Release|x64
		{2F2EF4FE-7254-425A-8DE9-47457CC057C6}.Release|Any CPU.Build.0 = Release|x64
		{2F2EF4FE-7254-425A-8DE9-47457CC057C6}.Release|x64.ActiveCfg = Release|x64
		{DFE44295-9EC0-46B8-A859-5A2FA3742331}.Debug|Any CPU.ActiveCfg = Debug|Any CPU
		{DFE44295-9EC0-46B8-A859-5A2FA3742331}.Debug|Any CPU.Build.0 = Debug|Any CPU
		{DFE44295-9EC0-46B8-A859-5A2FA3742331}.Debug|x64.ActiveCfg = Debug|x64
		{DFE44295-9EC0-46B8-A859-5A2FA3742331}.Debug|x64.Build.0 = Debug|x64
		{DFE44295-9EC0-46B8-A859-5A2FA3742331}.Editor Debug|Any CPU.ActiveCfg = Debug|Any CPU
		{DFE44295-9EC0-46B8-A859-5A2FA3742331}.Editor Debug|Any CPU.Build.0 = Debug|Any CPU
		{DFE44295-9EC0-46B8-A859-5A2FA3742331}.Editor Debug|x64.ActiveCfg = Debug|x64
		{DFE44295-9EC0-46B8-A859-5A2FA3742331}.Editor Debug|x64.Build.0 = Debug|x64
		{DFE44295-9EC0-46B8-A859-5A2FA3742331}.Publish|Any CPU.ActiveCfg = Debug|Any CPU
		{DFE44295-9EC0-46B8-A859-5A2FA3742331}.Publish|Any CPU.Build.0 = Debug|Any CPU
		{DFE44295-9EC0-46B8-A859-5A2FA3742331}.Publish|x64.ActiveCfg = Release|x64
		{DFE44295-9EC0-46B8-A859-5A2FA3742331}.Publish|x64.Build.0 = Release|x64
		{DFE44295-9EC0-46B8-A859-5A2FA3742331}.PublishTest|Any CPU.ActiveCfg = Debug|Any CPU
		{DFE44295-9EC0-46B8-A859-5A2FA3742331}.PublishTest|Any CPU.Build.0 = Debug|Any CPU
		{DFE44295-9EC0-46B8-A859-5A2FA3742331}.PublishTest|x64.ActiveCfg = Release|x64
		{DFE44295-9EC0-46B8-A859-5A2FA3742331}.PublishTest|x64.Build.0 = Release|x64
		{DFE44295-9EC0-46B8-A859-5A2FA3742331}.Release|Any CPU.ActiveCfg = Release|Any CPU
		{DFE44295-9EC0-46B8-A859-5A2FA3742331}.Release|Any CPU.Build.0 = Release|Any CPU
		{DFE44295-9EC0-46B8-A859-5A2FA3742331}.Release|x64.ActiveCfg = Release|x64
		{DFE44295-9EC0-46B8-A859-5A2FA3742331}.Release|x64.Build.0 = Release|x64
		{D8B26B12-E45C-47EA-88F7-56628EB2CCD1}.Debug|Any CPU.ActiveCfg = Debug|x64
		{D8B26B12-E45C-47EA-88F7-56628EB2CCD1}.Debug|Any CPU.Build.0 = Debug|x64
		{D8B26B12-E45C-47EA-88F7-56628EB2CCD1}.Debug|x64.ActiveCfg = Debug|x64
		{D8B26B12-E45C-47EA-88F7-56628EB2CCD1}.Debug|x64.Build.0 = Debug|x64
		{D8B26B12-E45C-47EA-88F7-56628EB2CCD1}.Editor Debug|Any CPU.ActiveCfg = Editor Debug|x64
		{D8B26B12-E45C-47EA-88F7-56628EB2CCD1}.Editor Debug|Any CPU.Build.0 = Editor Debug|x64
		{D8B26B12-E45C-47EA-88F7-56628EB2CCD1}.Editor Debug|x64.ActiveCfg = Editor Debug|x64
		{D8B26B12-E45C-47EA-88F7-56628EB2CCD1}.Editor Debug|x64.Build.0 = Editor Debug|x64
		{D8B26B12-E45C-47EA-88F7-56628EB2CCD1}.Publish|Any CPU.ActiveCfg = Debug|x64
		{D8B26B12-E45C-47EA-88F7-56628EB2CCD1}.Publish|Any CPU.Build.0 = Debug|x64
		{D8B26B12-E45C-47EA-88F7-56628EB2CCD1}.Publish|x64.ActiveCfg = Release|x64
		{D8B26B12-E45C-47EA-88F7-56628EB2CCD1}.Publish|x64.Build.0 = Release|x64
		{D8B26B12-E45C-47EA-88F7-56628EB2CCD1}.PublishTest|Any CPU.ActiveCfg = Debug|x64
		{D8B26B12-E45C-47EA-88F7-56628EB2CCD1}.PublishTest|Any CPU.Build.0 = Debug|x64
		{D8B26B12-E45C-47EA-88F7-56628EB2CCD1}.PublishTest|x64.ActiveCfg = Release|x64
		{D8B26B12-E45C-47EA-88F7-56628EB2CCD1}.PublishTest|x64.Build.0 = Release|x64
		{D8B26B12-E45C-47EA-88F7-56628EB2CCD1}.Release|Any CPU.ActiveCfg = Release|x64
		{D8B26B12-E45C-47EA-88F7-56628EB2CCD1}.Release|Any CPU.Build.0 = Release|x64
		{D8B26B12-E45C-47EA-88F7-56628EB2CCD1}.Release|x64.ActiveCfg = Release|x64
		{D8B26B12-E45C-47EA-88F7-56628EB2CCD1}.Release|x64.Build.0 = Release|x64
		{611A3231-810A-4703-8F24-A01664E6FC27}.Debug|Any CPU.ActiveCfg = Debug|Any CPU
		{611A3231-810A-4703-8F24-A01664E6FC27}.Debug|Any CPU.Build.0 = Debug|Any CPU
		{611A3231-810A-4703-8F24-A01664E6FC27}.Debug|x64.ActiveCfg = Debug|Any CPU
		{611A3231-810A-4703-8F24-A01664E6FC27}.Debug|x64.Build.0 = Debug|Any CPU
		{611A3231-810A-4703-8F24-A01664E6FC27}.Editor Debug|Any CPU.ActiveCfg = Debug|Any CPU
		{611A3231-810A-4703-8F24-A01664E6FC27}.Editor Debug|Any CPU.Build.0 = Debug|Any CPU
		{611A3231-810A-4703-8F24-A01664E6FC27}.Editor Debug|x64.ActiveCfg = Debug|Any CPU
		{611A3231-810A-4703-8F24-A01664E6FC27}.Editor Debug|x64.Build.0 = Debug|Any CPU
		{611A3231-810A-4703-8F24-A01664E6FC27}.Publish|Any CPU.ActiveCfg = Debug|Any CPU
		{611A3231-810A-4703-8F24-A01664E6FC27}.Publish|Any CPU.Build.0 = Debug|Any CPU
		{611A3231-810A-4703-8F24-A01664E6FC27}.Publish|x64.ActiveCfg = Release|Any CPU
		{611A3231-810A-4703-8F24-A01664E6FC27}.Publish|x64.Build.0 = Release|Any CPU
		{611A3231-810A-4703-8F24-A01664E6FC27}.PublishTest|Any CPU.ActiveCfg = Debug|Any CPU
		{611A3231-810A-4703-8F24-A01664E6FC27}.PublishTest|Any CPU.Build.0 = Debug|Any CPU
		{611A3231-810A-4703-8F24-A01664E6FC27}.PublishTest|x64.ActiveCfg = Release|Any CPU
		{611A3231-810A-4703-8F24-A01664E6FC27}.PublishTest|x64.Build.0 = Release|Any CPU
		{611A3231-810A-4703-8F24-A01664E6FC27}.Release|Any CPU.ActiveCfg = Release|Any CPU
		{611A3231-810A-4703-8F24-A01664E6FC27}.Release|Any CPU.Build.0 = Release|Any CPU
		{611A3231-810A-4703-8F24-A01664E6FC27}.Release|x64.ActiveCfg = Release|Any CPU
		{611A3231-810A-4703-8F24-A01664E6FC27}.Release|x64.Build.0 = Release|Any CPU
		{D037EFFC-DC1B-DE2F-BF32-7409AE4E9545}.Debug|Any CPU.ActiveCfg = Debug|Any CPU
		{D037EFFC-DC1B-DE2F-BF32-7409AE4E9545}.Debug|Any CPU.Build.0 = Debug|Any CPU
		{D037EFFC-DC1B-DE2F-BF32-7409AE4E9545}.Debug|x64.ActiveCfg = Debug|Any CPU
		{D037EFFC-DC1B-DE2F-BF32-7409AE4E9545}.Debug|x64.Build.0 = Debug|Any CPU
		{D037EFFC-DC1B-DE2F-BF32-7409AE4E9545}.Editor Debug|Any CPU.ActiveCfg = Release|Any CPU
		{D037EFFC-DC1B-DE2F-BF32-7409AE4E9545}.Editor Debug|Any CPU.Build.0 = Release|Any CPU
		{D037EFFC-DC1B-DE2F-BF32-7409AE4E9545}.Editor Debug|x64.ActiveCfg = Release|Any CPU
		{D037EFFC-DC1B-DE2F-BF32-7409AE4E9545}.Editor Debug|x64.Build.0 = Release|Any CPU
		{D037EFFC-DC1B-DE2F-BF32-7409AE4E9545}.Publish|Any CPU.ActiveCfg = Release|Any CPU
		{D037EFFC-DC1B-DE2F-BF32-7409AE4E9545}.Publish|Any CPU.Build.0 = Release|Any CPU
		{D037EFFC-DC1B-DE2F-BF32-7409AE4E9545}.Publish|x64.ActiveCfg = Release|Any CPU
		{D037EFFC-DC1B-DE2F-BF32-7409AE4E9545}.Publish|x64.Build.0 = Release|Any CPU
		{D037EFFC-DC1B-DE2F-BF32-7409AE4E9545}.PublishTest|Any CPU.ActiveCfg = Release|Any CPU
		{D037EFFC-DC1B-DE2F-BF32-7409AE4E9545}.PublishTest|Any CPU.Build.0 = Release|Any CPU
		{D037EFFC-DC1B-DE2F-BF32-7409AE4E9545}.PublishTest|x64.ActiveCfg = Release|Any CPU
		{D037EFFC-DC1B-DE2F-BF32-7409AE4E9545}.PublishTest|x64.Build.0 = Release|Any CPU
		{D037EFFC-DC1B-DE2F-BF32-7409AE4E9545}.Release|Any CPU.ActiveCfg = Release|Any CPU
		{D037EFFC-DC1B-DE2F-BF32-7409AE4E9545}.Release|Any CPU.Build.0 = Release|Any CPU
		{D037EFFC-DC1B-DE2F-BF32-7409AE4E9545}.Release|x64.ActiveCfg = Release|Any CPU
		{D037EFFC-DC1B-DE2F-BF32-7409AE4E9545}.Release|x64.Build.0 = Release|Any CPU
	EndGlobalSection
	GlobalSection(SolutionProperties) = preSolution
		HideSolutionNode = FALSE
	EndGlobalSection
	GlobalSection(NestedProjects) = preSolution
		{E24CFB13-F468-4B1D-BC4D-245CD4BD1A23} = {9BB6E50E-1B23-42D8-8ACC-08379BB3E2A0}
		{14BD698D-2A4F-44BB-A41E-6E36D80A8459} = {9BB6E50E-1B23-42D8-8ACC-08379BB3E2A0}
		{5F4E2D7A-8C9B-4F3E-9D5E-1C2A3B4E5F6A} = {9BB6E50E-1B23-42D8-8ACC-08379BB3E2A0}
		{2F2EF4FE-7254-425A-8DE9-47457CC057C6} = {9BB6E50E-1B23-42D8-8ACC-08379BB3E2A0}
		{AA9149DA-050D-4969-8CBD-BFD87C98C7C7} = {5DEEE98E-0347-4919-9211-2FE861BF2793}
		{DFE44295-9EC0-46B8-A859-5A2FA3742331} = {AA9149DA-050D-4969-8CBD-BFD87C98C7C7}
		{D8B26B12-E45C-47EA-88F7-56628EB2CCD1} = {AA9149DA-050D-4969-8CBD-BFD87C98C7C7}
		{611A3231-810A-4703-8F24-A01664E6FC27} = {AA9149DA-050D-4969-8CBD-BFD87C98C7C7}
		{D037EFFC-DC1B-DE2F-BF32-7409AE4E9545} = {5DEEE98E-0347-4919-9211-2FE861BF2793}
	EndGlobalSection
	GlobalSection(ExtensibilityGlobals) = postSolution
		SolutionGuid = {D06B5DA3-3018-43F3-B9F0-2D9D89DB489E}
	EndGlobalSection
EndGlobal
